{
  "name": "Module-10-Challenge",
  "lockfileVersion": 2,
  "requires": true,
  "packages": {
    "": {
      "dependencies": {
        "inquirer": "file:8.2.4"
      }
    },
    "8.2.4": {},
    "node_modules/inquirer": {
      "resolved": "8.2.4",
      "link": true
    }
  },
  "dependencies": {
    "inquirer": {
      "version": "file:8.2.4"
    }
  }
}
